
Microsoft Visual Studio Solution File, Format Version 12.00
# Visual Studio Version 17
VisualStudioVersion = 17.4.33403.182
MinimumVisualStudioVersion = 10.0.40219.1
Project("{9A19103F-16F7-4668-BE54-9A1E7A4F7556}") = "TypeRunnerBE", "TypeRunnerBE.csproj", "{C7C4833C-C16C-4DAF-86A9-A488DAAE5683}"
EndProject
Global
	GlobalSection(SolutionConfigurationPlatforms) = preSolution
		Debug|Any CPU = Debug|Any CPU
		Release|Any CPU = Release|Any CPU
	EndGlobalSection
	GlobalSection(ProjectConfigurationPlatforms) = postSolution
		{C7C4833C-C16C-4DAF-86A9-A488DAAE5683}.Debug|Any CPU.ActiveCfg = Debug|Any CPU
		{C7C4833C-C16C-4DAF-86A9-A488DAAE5683}.Debug|Any CPU.Build.0 = Debug|Any CPU
		{C7C4833C-C16C-4DAF-86A9-A488DAAE5683}.Release|Any CPU.ActiveCfg = Release|Any CPU
		{C7C4833C-C16C-4DAF-86A9-A488DAAE5683}.Release|Any CPU.Build.0 = Release|Any CPU
	EndGlobalSection
	GlobalSection(SolutionProperties) = preSolution
		HideSolutionNode = FALSE
	EndGlobalSection
	GlobalSection(ExtensibilityGlobals) = postSolution
		SolutionGuid = {0BE8A05F-3907-448A-838F-74B0D53323F8}
	EndGlobalSection
EndGlobal
